anyio==4.14.2 \
    --hash=sha256:9f505dda5ac9f0c8309b5e8bd445a8c2bf7246f3ce950121e45ea15bc41d1494 \
    --hash=sha256:cfa139f3ed1a23ee8f88a145ddb5ac7605b8bbfd8592baacd7ce3d8bb4313c7f
    # via httpx
babel==2.18.0 \
    --hash=sha256:b80b99a14bd085fcacfa15c9165f651fbb3406e66cc603abf11c5750937c992d \
    --hash=sha256:e2b422b277c2b9a9630c1d7903c2a00d0830c409c59ac8cae9081c92f1aeba35
    # via courlan
beautifulsoup4==4.15.0 \
    --hash=sha256:288e3ca7d54b06f2ac191970bc275c1939cb46d450b255bf6718b04aa37ab4f7 \
    --hash=sha256:d6f88de62e1d4e38ecb1077eb9724cd0eff29d2a08ca16a401e9b9e93f117cf9
    # via radar-kx
certifi==2026.7.22 \
    --hash=sha256:62f22742b58a1a33014a2b6b706588a8d7e2a88ae7bd1a6ebe8c992928483775 \
    --hash=sha256:741e2c3b351ddf169a738da9f2c048608ff7f2c5cc02f1ebc6b118bb090d5d55
    # via
    #   httpcore
    #   httpx
    #   trafilatura
charset-normalizer==3.5.1 \
    --hash=sha256:1d1c7a53a6c2103925cdd6d7229f8c567379f211c869793df679f2e9f738c369 \
    --hash=sha256:2f293479cce755c75f1697e87c409b7ae4c555c7dfecb6e988ad13abba943031 \
    --hash=sha256:343fb4f2821043bd87095f7b08a1a181febc8e36ac64212143bbfd0a0e1bc235 \
    --hash=sha256:3588e376b3ea2eea84976f67273d679f229e24c66dce7b82ae45aef04ff6e072 \
    --hash=sha256:36047af20e17097c3bb9476c2b7655f2f7aa51322c0ba58c07695bedf755a950 \
    --hash=sha256:3617ac3cfd8b9888f145ad89dd6e692285834b0201c6074a5eeaad3fd4d668c2 \
    --hash=sha256:41876ee62a3dddf48ff1121ad8f0798032aa03f2fd35f21f34a4cab14f18d8d2 \
    --hash=sha256:4582c27e8c889d64811987b5967fbd3ae0c823fe1fd933b543d55ac20bb475fa \
    --hash=sha256:4abdc5f9ad448c1ecbfae2974b820535d6bc6e7eef63babbab3d81cf46968c71 \
    --hash=sha256:4b599739b93b2cbeded49645ae3c8d1405c29ddfbceac1545c87a3f9580a9e96 \
    --hash=sha256:4c4fb141a727957c93edfe5c32a26ceb6b5f6461d67146e2d39f51e16170bea8 \
    --hash=sha256:5b6d1386bf0096d26d3a863dc0a487a5b4eb9aa93cf5ba69683d29dde6b9d60f \
    --hash=sha256:5d8531a6569d025f68e2321e7638fb7978f23db58e5f69f56913837aae03816e \
    --hash=sha256:6117b84ea48435e5356dc737f5121485c30920ba43375fa7b434fd753df0eac3 \
    --hash=sha256:6df0ec430f9a831772c23ca5a224cba36517a58a84bb32c32bb59a9fa67c47f6 \
    --hash=sha256:70055ff39b97c99e7ae40ea3e393fb62aa2e44dbd9b29f8d14f42fb0025c3959 \
    --hash=sha256:7235dc28fc6dd9d832ac7c7bce95367dedb85929f17368a0c2bee1e080b9acbf \
    --hash=sha256:7c0c10730342b0c9b35dd1d619beb8214e520bd96a1f870f452680b238aab3e0 \
    --hash=sha256:87e4f41d375c0b9be2fb5251aee4b8a689169e134535aed81bf085c3b647451e \
    --hash=sha256:88e85ab89cb822c1e635f51d6d32e488f94e002e70e2f492bdb8b945543f345a \
    --hash=sha256:96fef3e886d6a9874b14f27fc193fbdc69d5d8035783d86aa4e1cea594e695f9 \
    --hash=sha256:a2028475ba855475b8b4d3cfeb4994269c967aea8b9892dfba907f4263a863a3 \
    --hash=sha256:a6dac12ff6b846103483683f60c5f8fee205121adc58ffd87e90a90a3af69e99 \
    --hash=sha256:aae2ee51122d3ae968a3837d97dc24a0aeebb0dea23694422cd172bd30017cd6 \
    --hash=sha256:ae4a097991662cd4fff0ddc74e0fe7874f82e00042fa0ea00855645ed0c79598 \
    --hash=sha256:b39b69b347e5e47a3b5b8cfc005c68c1ba347474e3960236c4944a8ecd174962 \
    --hash=sha256:b9af956078716df40d985fb0dfeb2c2120c5ca92ba4ff4b388acfd01cdc14d08 \
    --hash=sha256:ba501e667c17d8411f98e67a022d9604ef179aff0e459b7e292c796837c13573 \
    --hash=sha256:cee5dd7c6fb5dd52a0fe2a740f9bc6e3593f5f8b1788bde49de02086f30182b2 \
    --hash=sha256:cfa1c0cc3a8f9f53f1243a5a99ac36fd003880199383b37672e86ddda9cb07e2 \
    --hash=sha256:dd732602a7009217f658d5863d12d79d373a4de0eebc111094bcdd3bb8e0a6cc \
    --hash=sha256:e199fb99720074809a7720f1c0b4d919eea8b87e88713e0f8f602f7bef543d9d \
    --hash=sha256:e6621fb2a4988d6e53eedc455e5903e2679f3967b8acb3d639f1b63c14a2e893 \
    --hash=sha256:f9f8405c2c758532c74fed975dbee57be1f31a6e865c031870c79a6ed3212ada
    # via
    #   htmldate
    #   trafilatura
courlan==1.4.0 \
    --hash=sha256:ad1dbdefd912ca7238d4607dc855df5df097f56bac175dd662c84eed3802f49e \
    --hash=sha256:fbbac7b7fcde2195ea08e707609503c81cf39c891e8d26cdb1fed4585782d63d
    # via trafilatura
dateparser==1.4.2 \
    --hash=sha256:752f3d49d477cf7f60a7a9c8bcb19c882496ede0e377d5a3d80014cdfeca7050 \
    --hash=sha256:bed2a3fd9bad8f2fb2d72b57748bada260b3a9349a264c22ffc23c3249d7049a
    # via htmldate
h11==0.16.0 \
    --hash=sha256:4e35b956cf45792e4caa5885e69fba00bdbc6ffafbfa020300e549b208ee5ff1 \
    --hash=sha256:63cf8bbe7522de3bf65932fda1d9c2772064ffb3dae62d55932da54b31cb6c86
    # via httpcore
htmldate==1.10.0 \
    --hash=sha256:9211dae35ab94147c8ed9e5fc2c9287a5cf31d2394cb7857e7f5dd814eb2aad6 \
    --hash=sha256:a38df10772ab5d7dbb11896e3f6a852a8491fb1b0965465bc174e23fc2baae58
    # via trafilatura
httpcore==1.0.9 \
    --hash=sha256:2d400746a40668fc9dec9810239072b40b4484b640a8c38fd654a024c7a1bf55 \
    --hash=sha256:6e34463af53fd2ab5d807f399a9b45ea31c3dfa2276f15a2c3f00afff6e176e8
    # via httpx
httpx==0.28.1 \
    --hash=sha256:75e98c5f16b0f35b567856f597f06ff2270a374470a5c2392242528e3e3e42fc \
    --hash=sha256:d909fcccc110f8c7faf814ca82a9a4d816bc5a6dbfea25d6591d6985b8ba59ad
    # via radar-kx
idna==3.19 \
    --hash=sha256:5e0811a4383b21dc5838069f801c4fb62113b7447663d2530d2bd6e77b49bf15 \
    --hash=sha256:815e7be7a7806d54abb586dc943addc79e8b2ee16915059658cbeff4b1b43bf4
    # via
    #   anyio
    #   httpx
justext==3.0.2 \
    --hash=sha256:13496a450c44c4cd5b5a75a5efcd9996066d2a189794ea99a49949685a0beb05 \
    --hash=sha256:62b1c562b15c3c6265e121cc070874243a443bfd53060e869393f09d6b6cc9a7
    # via trafilatura
lxml==6.1.2 \
    --hash=sha256:04cf9e3f4ee9cab9d9ba05401bef8668840fa9620fcd4d8e85a2d2fd0b0fa960 \
    --hash=sha256:0666943ee1576fa890a6dc6316ef42e8241b5dd56f67bc5475acb2ac298c6ca9 \
    --hash=sha256:093fbf547d0f3ca02705381f795a050fbb58988be4aac7f79f99f280c4082313 \
    --hash=sha256:1055241852f2b02068af4a625a5d32c087db193c12251928af2562ecd2239f18 \
    --hash=sha256:12acd337d2821cb8b9247dfe4b7aa2f2769a3df5ae8511b7e550df42b8f4d3c3 \
    --hash=sha256:2170d0a280c877b6e2dc6738217db947be35dd8cf09ca458b355aa1bab2a9e70 \
    --hash=sha256:261d98065326676d7253882db0198d0aa06748d7ee0443367acf10b148273f99 \
    --hash=sha256:5078ff51e6316c0f75ea8127c2cd24374747fb351f62fb93d1761f8ae5a04a40 \
    --hash=sha256:52f6d4dff133c9778a24e9a2cfc1608930b15869866171aacc5131b5a418a003 \
    --hash=sha256:7d506bdba580ecb1a6ad2e2b5c49445e66d3e1f95894885739094393a1aad237 \
    --hash=sha256:7feb72424f19a893ae4f3373c7aae821b1aacb6076b708915c651f0683a97c49 \
    --hash=sha256:8807998c1023d1e9d60e02500f90e85a0752dbc0b670989806bba87b82dd5b42 \
    --hash=sha256:9429d2371d406344ed1da5b5686d9412e74137c07b0171278368ff704f470ed5 \
    --hash=sha256:9477e14217c212e6023c994a71a1a349db19b0e10fd5bf189666b281ae63b1fd \
    --hash=sha256:b97153ca609b434b712ddfb92cd6af101a7045a7724c542258bd4727a344472f \
    --hash=sha256:ba58574d710b82ead7cbedea01cac3e110bc3ef82d4731519b74a2c11f7cf5e9 \
    --hash=sha256:be365ce8d2d411cf2fb573747684b4fd470fa6224e0094d9d5a21155acc369d3 \
    --hash=sha256:c67f3c1278f942e97d8665c2a690324aaea5137de16f056583a21f0ac706177f \
    --hash=sha256:eff128ffdc093cc6317955934ad9751105d37ed8dbca3ff4ccd751af6be37185
    # via
    #   htmldate
    #   justext
    #   lxml-html-clean
    #   trafilatura
lxml-html-clean==0.4.5 \
    --hash=sha256:c76fcadd1e5bfb9b8bafc2200d51e4e78eb0dad67f56881c21dfb6484c7e7746 \
    --hash=sha256:e2a4c7d5beedd17cd7b484d848a0571e54baa239a4f9df5546e3acba7f990560
    # via lxml
psycopg==3.3.4 \
    --hash=sha256:b6bbc25ccf05c8fad3b061d9db2ef0909a555171b84b07f29458a447253d679a \
    --hash=sha256:e21207764952cff81b6b8bdacad9a3939f2793367fdac2987b3aac36a651b5bc
    # via radar-kx
psycopg-binary==3.3.4 ; implementation_name != 'pypy' \
    --hash=sha256:018fbed325936da502feb546642c982dcc4b9ffdea32dfef78dbf3b7f7ad4070 \
    --hash=sha256:17a21953a9e5ff3a16dab692625a3676e2f101db5e40072f39dbee2250194d68 \
    --hash=sha256:494ca54901be8cf9eb7e02c25b731f2317c378efa44f43e8f9bd0e1184ae7be4 \
    --hash=sha256:580ae30a5f95ccd90008ec697d3ed6a4a2047a516407ad904283fa42086936e9 \
    --hash=sha256:5ab28a2a7649df3b72e6b674b4c190e448e8e77cf496a65bd846472048de2089 \
    --hash=sha256:6402a9d8146cf4b3974ded3fd28a971e83dc6a0333eb7822524a3aa20b546578 \
    --hash=sha256:71e55ccbdfae79a2ed9c6369c3008a3025817ff9d7e27b32a2d84e2a4267e66e \
    --hash=sha256:773d573e11f437ce0bdb95b7c18dc58390494f96d43f8b45b9760436114f7652 \
    --hash=sha256:77df19583501ea288eaf15ac0fe7ad01e6d8091a91d5c41df5c718f307d8e31b \
    --hash=sha256:e7510c37550f91a187e3660a8cc50d4b760f8c3b8b2f89ebc5698cd2c7f2c85d \
    --hash=sha256:eb05ee1c2b817d27c537333224c9e83c7afb86fe7296ba970990068baf819b16
    # via psycopg
pypdf==6.16.1 \
    --hash=sha256:63fec31c4092ae50b6729beedcb469055b60d20c834bde1c402df241f371f644 \
    --hash=sha256:c4d1b43ddae921387321cf63936cd16a7743b91d2da92f165c149a195c972ba9
    # via radar-kx
python-dateutil==2.9.0.post0 \
    --hash=sha256:37dd54208da7e1cd875388217d5e00ebd4179249f90fb72437e91a35459a0ad3 \
    --hash=sha256:a8b2bc7bffae282281c8140a97d3aa9c14da0b136dfe83f850eea9a5f7470427
    # via
    #   dateparser
    #   htmldate
pytz==2026.3.post1 \
    --hash=sha256:2211d3fcf9a797d3405cac96ac7f61d80e6a644f72a3309607282fe8a2010c5d \
    --hash=sha256:dd95840dd199baea12d9cc096a1d452caa6596a1c1e4b5f3dbd1541855d5e815
    # via dateparser
regex==2026.7.19 \
    --hash=sha256:0e9554c8785eac5cffe6300f69a91f58ba72bc88a5f8d661235ad7c6aa5b8ccd \
    --hash=sha256:1649eb39fcc9ea80c4d2f110fde2b8ab2aef3877b98f02ab9b14e961f418c511 \
    --hash=sha256:1d793a7988e04fcb1e2e135567443d82173225d657419ec09414a9b5a145b986 \
    --hash=sha256:2cc3460cedf7579948486eab03bc9ad7089df4d7281c0f47f4afe03e8d13f02d \
    --hash=sha256:3080a7fd38ef049bd489e01c970c97dd84ff446a885b0f1f6b26d9b1ad13ce11 \
    --hash=sha256:4e5413bd5f13d3a4e3539ca98f70f75e7fca92518dd7f117f030ebedd10b60cb \
    --hash=sha256:66bd62c59a5427746e8c44becae1d9b99d22fb13f30f492083dfb9ad7c45cc18 \
    --hash=sha256:73b133a9e6fb512858e7f065e96f1180aa46646bc74a83aea62f1d314f3dd035 \
    --hash=sha256:7e77b324909c1617cbb4c668677e2c6ae13f44d7c1de0d4f15f2e3c10f3315b5 \
    --hash=sha256:93db40c8de0815baab96a06e08a984bac71f989d13bab789e382158c5d426797 \
    --hash=sha256:9dce8ec9695f531a1b8a6f314fd4b393adcccf2ea861db480cdf97a301d01a68 \
    --hash=sha256:d7da47a0f248977f08e2cb659ff3c17ddc13a4d39b3a7baa0a81bf5b415430f6 \
    --hash=sha256:dbe6493fbd27321b1d1f2dd4f5c7e5bd4d8b1d7cab7f32fd67db3d0b2ed8248a \
    --hash=sha256:ddd67571c10869f65a5d7dde536d1e066e306cc90de57d7de4d5f34802428bb5 \
    --hash=sha256:de9208bb427130c82a5dbfd104f92c8876fc9559278c880b3002755bbbe9c83d \
    --hash=sha256:e30d40268a28d54ce0437031750497004c22602b8e3ab891f759b795a003b312 \
    --hash=sha256:e8b0abe7d870f53ca5143895fef7d1041a0c831a140d3dc2c760dd7ba25d4a8b
    # via dateparser
six==1.17.0 \
    --hash=sha256:4721f391ed90541fddacab5acf947aa0d3dc7d27b2e1e8eda2be8970586c3274 \
    --hash=sha256:ff70335d468e7eb6ec65b95b99d3a2836546063f63acc5171de367e834932a81
    # via python-dateutil
soupsieve==2.9.2 \
    --hash=sha256:4a55d8cf158a9c2e587fa4922f1bbb91d68ac829e2d6f25403a85747c71daf74 \
    --hash=sha256:8089a26fd974ca7a1f30276d3d8492ab266ab15af581642dfe8aa162e0c1c823
    # via beautifulsoup4
tld==0.13.2 \
    --hash=sha256:9b8fdbdb880e7ba65b216a4937f2c94c49a7226723783d5838fc958ac76f4e0c \
    --hash=sha256:d983fa92b9d717400742fca844e29d5e18271079c7bcfabf66d01b39b4a14345
    # via courlan
trafilatura==2.2.0 \
    --hash=sha256:8c2cabb84066465228d03183fb698ce0b1245b81c58140b8ae0de57fddf3aae7 \
    --hash=sha256:ac43592a6201264dfc4f9c361cbe3eb3fea96e54437010a159d5e7365360ed98
    # via radar-kx
typing-extensions==4.16.0 \
    --hash=sha256:481caa481374e813c1b176ada14e97f1f67a4539ce9cfeb3f350d78d6370c2e8 \
    --hash=sha256:dc983d19a509c94dba722ee6abd33940f7c05a89e243c47e907eb4db6f1a43e5
    # via
    #   anyio
    #   beautifulsoup4
    #   psycopg
tzdata==2026.3 ; sys_platform == 'win32' \
    --hash=sha256:4a1518b8993086a7982523e071643f3c0e5f213e75b21318e78bcabfff9d1415 \
    --hash=sha256:dc096730c87af6cab1b171c9d532be840741ff5d459015e7f6947bd7d7e54931
    # via
    #   psycopg
    #   tzlocal
tzlocal==5.4.4 \
    --hash=sha256:8dbb8660838688a7b6ba4fed31d18dedf842afb4d47ca050d6d891c2c15f3be4 \
    --hash=sha256:aae09f0126a8a86fa736be266eb4a471380d26a0de3bc14844e7821fee3e2a15
    # via dateparser
urllib3==2.7.0 \
    --hash=sha256:231e0ec3b63ceb14667c67be60f2f2c40a518cb38b03af60abc813da26505f4c \
    --hash=sha256:9fb4c81ebbb1ce9531cce37674bbc6f1360472bc18ca9a553ede278ef7276897
    # via
    #   courlan
    #   htmldate
    #   trafilatura
